
Microsoft Visual Studio Solution File, Format Version 12.00
# Visual Studio 2013
VisualStudioVersion = 12.0.21005.1
MinimumVisualStudioVersion = 10.0.40219.1
Project("{FAE04EC0-301F-11D3-BF4B-00C04F79EFBC}") = "Quiron.LojaVirtual.Dominio", "Quiron.LojaVirtual.Dominio\Quiron.LojaVirtual.Dominio.csproj", "{0D2BC927-6090-45AE-A849-C42C4F491274}"
EndProject
Project("{FAE04EC0-301F-11D3-BF4B-00C04F79EFBC}") = "Quiron.LojaVirtual.Web", "Quiron.LojaVirtual.Web\Quiron.LojaVirtual.Web.csproj", "{C3FFE625-D392-41D5-BA0D-CFCEDB96B705}"
EndProject
Project("{FAE04EC0-301F-11D3-BF4B-00C04F79EFBC}") = "Quiron.LojaVirtual.UnitTest", "Quiron.LojaVirtual.UnitTest\Quiron.LojaVirtual.UnitTest.csproj", "{78455442-C6E8-495A-999B-4BBD137100F1}"
EndProject
Global
	GlobalSection(SolutionConfigurationPlatforms) = preSolution
		Debug|Any CPU = Debug|Any CPU
		Release|Any CPU = Release|Any CPU
	EndGlobalSection
	GlobalSection(ProjectConfigurationPlatforms) = postSolution
		{0D2BC927-6090-45AE-A849-C42C4F491274}.Debug|Any CPU.ActiveCfg = Debug|Any CPU
		{0D2BC927-6090-45AE-A849-C42C4F491274}.Debug|Any CPU.Build.0 = Debug|Any CPU
		{0D2BC927-6090-45AE-A849-C42C4F491274}.Release|Any CPU.ActiveCfg = Release|Any CPU
		{0D2BC927-6090-45AE-A849-C42C4F491274}.Release|Any CPU.Build.0 = Release|Any CPU
		{C3FFE625-D392-41D5-BA0D-CFCEDB96B705}.Debug|Any CPU.ActiveCfg = Debug|Any CPU
		{C3FFE625-D392-41D5-BA0D-CFCEDB96B705}.Debug|Any CPU.Build.0 = Debug|Any CPU
		{C3FFE625-D392-41D5-BA0D-CFCEDB96B705}.Release|Any CPU.ActiveCfg = Release|Any CPU
		{C3FFE625-D392-41D5-BA0D-CFCEDB96B705}.Release|Any CPU.Build.0 = Release|Any CPU
		{78455442-C6E8-495A-999B-4BBD137100F1}.Debug|Any CPU.ActiveCfg = Debug|Any CPU
		{78455442-C6E8-495A-999B-4BBD137100F1}.Debug|Any CPU.Build.0 = Debug|Any CPU
		{78455442-C6E8-495A-999B-4BBD137100F1}.Release|Any CPU.ActiveCfg = Release|Any CPU
		{78455442-C6E8-495A-999B-4BBD137100F1}.Release|Any CPU.Build.0 = Release|Any CPU
	EndGlobalSection
	GlobalSection(SolutionProperties) = preSolution
		HideSolutionNode = FALSE
	EndGlobalSection
EndGlobal
